// !$*UTF8*$!
{
	archiveVersion = 1;
	classes = {
	};
	objectVersion = 45;
	objects = {

/* Begin PBXBuildFile section */
		1D3623260D0F684500981E51 /* AppDelegate.m in Sources */ = {isa = PBXBuildFile; fileRef = 1D3623250D0F684500981E51 /* AppDelegate.m */; };
		1D60589B0D05DD56006BFB54 /* main.m in Sources */ = {isa = PBXBuildFile; fileRef = 29B97316FDCFA39411CA2CEA /* main.m */; };
		1D60589F0D05DD5A006BFB54 /* Foundation.framework in Frameworks */ = {isa = PBXBuildFile; fileRef = 1D30AB110D05D00D00671497 /* Foundation.framework */; };
		1DF5F4E00D08C38300B7A737 /* UIKit.framework in Frameworks */ = {isa = PBXBuildFile; fileRef = 1DF5F4DF0D08C38300B7A737 /* UIKit.framework */; };
		288765A50DF7441C002DB57D /* CoreGraphics.framework in Frameworks */ = {isa = PBXBuildFile; fileRef = 288765A40DF7441C002DB57D /* CoreGraphics.framework */; };
		2899E5220DE3E06400AC0155 /* referenceaudioViewController.xib in Resources */ = {isa = PBXBuildFile; fileRef = 2899E5210DE3E06400AC0155 /* referenceaudioViewController.xib */; };
		28AD733F0D9D9553002E5188 /* MainWindow.xib in Resources */ = {isa = PBXBuildFile; fileRef = 28AD733E0D9D9553002E5188 /* MainWindow.xib */; };
		28D7ACF80DDB3853001CB0EB /* referenceaudioViewController.m in Sources */ = {isa = PBXBuildFile; fileRef = 28D7ACF70DDB3853001CB0EB /* referenceaudioViewController.m */; };
		C465D562127A5F2700639357 /* AVFoundation.framework in Frameworks */ = {isa = PBXBuildFile; fileRef = C465D561127A5F2700639357 /* AVFoundation.framework */; };
		C465D578127A5F3000639357 /* AudioToolbox.framework in Frameworks */ = {isa = PBXBuildFile; fileRef = C465D577127A5F3000639357 /* AudioToolbox.framework */; };
		C465D59C127A5F3700639357 /* QuartzCore.framework in Frameworks */ = {isa = PBXBuildFile; fileRef = C465D59B127A5F3700639357 /* QuartzCore.framework */; };
		C465D59E127A5F4100639357 /* OpenGLES.framework in Frameworks */ = {isa = PBXBuildFile; fileRef = C465D59D127A5F4100639357 /* OpenGLES.framework */; };
		C465D663127A669700639357 /* MeterTable.cpp in Sources */ = {isa = PBXBuildFile; fileRef = C465D662127A669700639357 /* MeterTable.cpp */; };
		C465D666127A66AE00639357 /* referenceaudioController.mm in Sources */ = {isa = PBXBuildFile; fileRef = C465D665127A66AE00639357 /* referenceaudioController.mm */; };
		C465D672127A671D00639357 /* CALevelMeter.mm in Sources */ = {isa = PBXBuildFile; fileRef = C465D66D127A671D00639357 /* CALevelMeter.mm */; };
		C465D673127A671D00639357 /* GLLevelMeter.m in Sources */ = {isa = PBXBuildFile; fileRef = C465D66F127A671D00639357 /* GLLevelMeter.m */; };
		C465D674127A671D00639357 /* LevelMeter.m in Sources */ = {isa = PBXBuildFile; fileRef = C465D671127A671D00639357 /* LevelMeter.m */; };
		C4F2B8F7127DCA7100B1B7C9 /* PinkNoiseViewController.xib in Resources */ = {isa = PBXBuildFile; fileRef = C4F2B8F6127DCA7100B1B7C9 /* PinkNoiseViewController.xib */; };
		D531BF54127DB97F0053ABCA /* Default-Landscape.png in Resources */ = {isa = PBXBuildFile; fileRef = D531BF53127DB97F0053ABCA /* Default-Landscape.png */; };
		D532A4CA127BB48500F753E2 /* 1 kHz.m4a in Resources */ = {isa = PBXBuildFile; fileRef = D532A48C127BB48500F753E2 /* 1 kHz.m4a */; };
		D532A4CB127BB48500F753E2 /* 1.6 kHz.m4a in Resources */ = {isa = PBXBuildFile; fileRef = D532A48D127BB48500F753E2 /* 1.6 kHz.m4a */; };
		D532A4CC127BB48500F753E2 /* 1.25 kHz.m4a in Resources */ = {isa = PBXBuildFile; fileRef = D532A48E127BB48500F753E2 /* 1.25 kHz.m4a */; };
		D532A4CD127BB48500F753E2 /* 2 kHz.m4a in Resources */ = {isa = PBXBuildFile; fileRef = D532A48F127BB48500F753E2 /* 2 kHz.m4a */; };
		D532A4CE127BB48500F753E2 /* 2.5 kHz.m4a in Resources */ = {isa = PBXBuildFile; fileRef = D532A490127BB48500F753E2 /* 2.5 kHz.m4a */; };
		D532A4CF127BB48500F753E2 /* 3.15 kHz.m4a in Resources */ = {isa = PBXBuildFile; fileRef = D532A491127BB48500F753E2 /* 3.15 kHz.m4a */; };
		D532A4D0127BB48500F753E2 /* 4 kHz.m4a in Resources */ = {isa = PBXBuildFile; fileRef = D532A492127BB48500F753E2 /* 4 kHz.m4a */; };
		D532A4D1127BB48500F753E2 /* 5 kHz.m4a in Resources */ = {isa = PBXBuildFile; fileRef = D532A493127BB48500F753E2 /* 5 kHz.m4a */; };
		D532A4D2127BB48500F753E2 /* 6 kHz.m4a in Resources */ = {isa = PBXBuildFile; fileRef = D532A494127BB48500F753E2 /* 6 kHz.m4a */; };
		D532A4D3127BB48500F753E2 /* 8 kHz.m4a in Resources */ = {isa = PBXBuildFile; fileRef = D532A495127BB48500F753E2 /* 8 kHz.m4a */; };
		D532A4D4127BB48500F753E2 /* 10 kHz.m4a in Resources */ = {isa = PBXBuildFile; fileRef = D532A496127BB48500F753E2 /* 10 kHz.m4a */; };
		D532A4D5127BB48500F753E2 /* 11 kHz.m4a in Resources */ = {isa = PBXBuildFile; fileRef = D532A497127BB48500F753E2 /* 11 kHz.m4a */; };
		D532A4D6127BB48500F753E2 /* 12 kHz.m4a in Resources */ = {isa = PBXBuildFile; fileRef = D532A498127BB48500F753E2 /* 12 kHz.m4a */; };
		D532A4D7127BB48500F753E2 /* 12.5 kHz.m4a in Resources */ = {isa = PBXBuildFile; fileRef = D532A499127BB48500F753E2 /* 12.5 kHz.m4a */; };
		D532A4D8127BB48500F753E2 /* 13 kHz.m4a in Resources */ = {isa = PBXBuildFile; fileRef = D532A49A127BB48500F753E2 /* 13 kHz.m4a */; };
		D532A4D9127BB48500F753E2 /* 14 kHz.m4a in Resources */ = {isa = PBXBuildFile; fileRef = D532A49B127BB48500F753E2 /* 14 kHz.m4a */; };
		D532A4DA127BB48500F753E2 /* 15 kHz.m4a in Resources */ = {isa = PBXBuildFile; fileRef = D532A49C127BB48500F753E2 /* 15 kHz.m4a */; };
		D532A4DB127BB48500F753E2 /* 16 kHz.m4a in Resources */ = {isa = PBXBuildFile; fileRef = D532A49D127BB48500F753E2 /* 16 kHz.m4a */; };
		D532A4DC127BB48500F753E2 /* 17 kHz.m4a in Resources */ = {isa = PBXBuildFile; fileRef = D532A49E127BB48500F753E2 /* 17 kHz.m4a */; };
		D532A4DD127BB48500F753E2 /* 18 kHz.m4a in Resources */ = {isa = PBXBuildFile; fileRef = D532A49F127BB48500F753E2 /* 18 kHz.m4a */; };
		D532A4DE127BB48500F753E2 /* 19 kHz.m4a in Resources */ = {isa = PBXBuildFile; fileRef = D532A4A0127BB48500F753E2 /* 19 kHz.m4a */; };
		D532A4DF127BB48500F753E2 /* 20 Hz.m4a in Resources */ = {isa = PBXBuildFile; fileRef = D532A4A1127BB48500F753E2 /* 20 Hz.m4a */; };
		D532A4E0127BB48500F753E2 /* 20 kHz.m4a in Resources */ = {isa = PBXBuildFile; fileRef = D532A4A2127BB48500F753E2 /* 20 kHz.m4a */; };
		D532A4E1127BB48500F753E2 /* 25 Hz.m4a in Resources */ = {isa = PBXBuildFile; fileRef = D532A4A3127BB48500F753E2 /* 25 Hz.m4a */; };
		D532A4E2127BB48500F753E2 /* 31.5 Hz.m4a in Resources */ = {isa = PBXBuildFile; fileRef = D532A4A4127BB48500F753E2 /* 31.5 Hz.m4a */; };
		D532A4E3127BB48500F753E2 /* 40 Hz.m4a in Resources */ = {isa = PBXBuildFile; fileRef = D532A4A5127BB48500F753E2 /* 40 Hz.m4a */; };
		D532A4E4127BB48500F753E2 /* 50 Hz.m4a in Resources */ = {isa = PBXBuildFile; fileRef = D532A4A6127BB48500F753E2 /* 50 Hz.m4a */; };
		D532A4E5127BB48500F753E2 /* 63 Hz.m4a in Resources */ = {isa = PBXBuildFile; fileRef = D532A4A7127BB48500F753E2 /* 63 Hz.m4a */; };
		D532A4E6127BB48500F753E2 /* 80 Hz.m4a in Resources */ = {isa = PBXBuildFile; fileRef = D532A4A8127BB48500F753E2 /* 80 Hz.m4a */; };
		D532A4E7127BB48500F753E2 /* 100 Hz.m4a in Resources */ = {isa = PBXBuildFile; fileRef = D532A4A9127BB48500F753E2 /* 100 Hz.m4a */; };
		D532A4E8127BB48500F753E2 /* 125 Hz.m4a in Resources */ = {isa = PBXBuildFile; fileRef = D532A4AA127BB48500F753E2 /* 125 Hz.m4a */; };
		D532A4E9127BB48500F753E2 /* 160 Hz.m4a in Resources */ = {isa = PBXBuildFile; fileRef = D532A4AB127BB48500F753E2 /* 160 Hz.m4a */; };
		D532A4EA127BB48500F753E2 /* 200 Hz.m4a in Resources */ = {isa = PBXBuildFile; fileRef = D532A4AC127BB48500F753E2 /* 200 Hz.m4a */; };
		D532A4EB127BB48500F753E2 /* 250 Hz.m4a in Resources */ = {isa = PBXBuildFile; fileRef = D532A4AD127BB48500F753E2 /* 250 Hz.m4a */; };
		D532A4EC127BB48500F753E2 /* 315 Hz.m4a in Resources */ = {isa = PBXBuildFile; fileRef = D532A4AE127BB48500F753E2 /* 315 Hz.m4a */; };
		D532A4ED127BB48500F753E2 /* 400 Hz.m4a in Resources */ = {isa = PBXBuildFile; fileRef = D532A4AF127BB48500F753E2 /* 400 Hz.m4a */; };
		D532A4EE127BB48500F753E2 /* 500 Hz.m4a in Resources */ = {isa = PBXBuildFile; fileRef = D532A4B0127BB48500F753E2 /* 500 Hz.m4a */; };
		D532A4EF127BB48500F753E2 /* 630 Hz.m4a in Resources */ = {isa = PBXBuildFile; fileRef = D532A4B1127BB48500F753E2 /* 630 Hz.m4a */; };
		D532A4F0127BB48500F753E2 /* 800 Hz.m4a in Resources */ = {isa = PBXBuildFile; fileRef = D532A4B2127BB48500F753E2 /* 800 Hz.m4a */; };
		D532A4F1127BB48500F753E2 /* Acoustic Guitar (Artist_ Michael Molenda).m4a in Resources */ = {isa = PBXBuildFile; fileRef = D532A4B3127BB48500F753E2 /* Acoustic Guitar (Artist_ Michael Molenda).m4a */; };
		D532A4F2127BB48500F753E2 /* Drum Kit (Artist_ Larry The O).m4a in Resources */ = {isa = PBXBuildFile; fileRef = D532A4B4127BB48500F753E2 /* Drum Kit (Artist_ Larry The O).m4a */; };
		D532A4F3127BB48500F753E2 /* Electric Guitar With Chorus (Artist_ Michael Molenda).m4a in Resources */ = {isa = PBXBuildFile; fileRef = D532A4B5127BB48500F753E2 /* Electric Guitar With Chorus (Artist_ Michael Molenda).m4a */; };
		D532A4F4127BB48500F753E2 /* Female Vocal (Artist_ Claudia Conrad).m4a in Resources */ = {isa = PBXBuildFile; fileRef = D532A4B6127BB48500F753E2 /* Female Vocal (Artist_ Claudia Conrad).m4a */; };
		D532A4F5127BB48500F753E2 /* Frequency Sweep - 20 Hz To 20 kHz Upwards.m4a in Resources */ = {isa = PBXBuildFile; fileRef = D532A4B7127BB48500F753E2 /* Frequency Sweep - 20 Hz To 20 kHz Upwards.m4a */; };
		D532A4F6127BB48500F753E2 /* Frequency Sweep - 20 kHz To 20 Hz Downwards.m4a in Resources */ = {isa = PBXBuildFile; fileRef = D532A4B8127BB48500F753E2 /* Frequency Sweep - 20 kHz To 20 Hz Downwards.m4a */; };
		D532A4F7127BB48500F753E2 /* Male Vocal (Artist_ Dave Crimmen).m4a in Resources */ = {isa = PBXBuildFile; fileRef = D532A4B9127BB48500F753E2 /* Male Vocal (Artist_ Dave Crimmen).m4a */; };
		D532A4F8127BB48500F753E2 /* Phase Test (250 Hz Sine Wave) - In-Phase.m4a in Resources */ = {isa = PBXBuildFile; fileRef = D532A4BA127BB48500F753E2 /* Phase Test (250 Hz Sine Wave) - In-Phase.m4a */; };
		D532A4F9127BB48500F753E2 /* Phase Test (250 Hz Sine Wave) - Out-Of-Phase.m4a in Resources */ = {isa = PBXBuildFile; fileRef = D532A4BB127BB48500F753E2 /* Phase Test (250 Hz Sine Wave) - Out-Of-Phase.m4a */; };
		D532A4FA127BB48500F753E2 /* Piano Solo (Artist_ J.J. Jenkins).m4a in Resources */ = {isa = PBXBuildFile; fileRef = D532A4BC127BB48500F753E2 /* Piano Solo (Artist_ J.J. Jenkins).m4a */; };
		D532A4FB127BB48500F753E2 /* Saxophone (Artist_ Frank Macchia).m4a in Resources */ = {isa = PBXBuildFile; fileRef = D532A4BD127BB48500F753E2 /* Saxophone (Artist_ Frank Macchia).m4a */; };
		D532A4FC127BB48500F753E2 /* Snare Drum Loop (Artist_ Larry The O).m4a in Resources */ = {isa = PBXBuildFile; fileRef = D532A4BE127BB48500F753E2 /* Snare Drum Loop (Artist_ Larry The O).m4a */; };
		D532A4FD127BB48500F753E2 /* Square Wave - 1 kHz.m4a in Resources */ = {isa = PBXBuildFile; fileRef = D532A4BF127BB48500F753E2 /* Square Wave - 1 kHz.m4a */; };
		D532A4FE127BB48500F753E2 /* Square Wave - 5 kHz.m4a in Resources */ = {isa = PBXBuildFile; fileRef = D532A4C0127BB48500F753E2 /* Square Wave - 5 kHz.m4a */; };
		D532A4FF127BB48500F753E2 /* Square Wave - 10 kHz.m4a in Resources */ = {isa = PBXBuildFile; fileRef = D532A4C1127BB48500F753E2 /* Square Wave - 10 kHz.m4a */; };
		D532A500127BB48500F753E2 /* Square Wave - 100 Hz.m4a in Resources */ = {isa = PBXBuildFile; fileRef = D532A4C2127BB48500F753E2 /* Square Wave - 100 Hz.m4a */; };
		D532A501127BB48500F753E2 /* Square Wave - 500 Hz.m4a in Resources */ = {isa = PBXBuildFile; fileRef = D532A4C3127BB48500F753E2 /* Square Wave - 500 Hz.m4a */; };
		D532A502127BB48500F753E2 /* Tuning Notes (Guitar Or Bass) - A.m4a in Resources */ = {isa = PBXBuildFile; fileRef = D532A4C4127BB48500F753E2 /* Tuning Notes (Guitar Or Bass) - A.m4a */; };
		D532A503127BB48500F753E2 /* Tuning Notes (Guitar Or Bass) - B.m4a in Resources */ = {isa = PBXBuildFile; fileRef = D532A4C5127BB48500F753E2 /* Tuning Notes (Guitar Or Bass) - B.m4a */; };
		D532A504127BB48500F753E2 /* Tuning Notes (Guitar Or Bass) - D.m4a in Resources */ = {isa = PBXBuildFile; fileRef = D532A4C6127BB48500F753E2 /* Tuning Notes (Guitar Or Bass) - D.m4a */; };
		D532A505127BB48500F753E2 /* Tuning Notes (Guitar Or Bass) - G.m4a in Resources */ = {isa = PBXBuildFile; fileRef = D532A4C7127BB48500F753E2 /* Tuning Notes (Guitar Or Bass) - G.m4a */; };
		D532A506127BB48500F753E2 /* Tuning Notes (Guitar Or Bass) - High E.m4a in Resources */ = {isa = PBXBuildFile; fileRef = D532A4C8127BB48500F753E2 /* Tuning Notes (Guitar Or Bass) - High E.m4a */; };
		D532A507127BB48500F753E2 /* Tuning Notes (Guitar Or Bass) - Low E.m4a in Resources */ = {isa = PBXBuildFile; fileRef = D532A4C9127BB48500F753E2 /* Tuning Notes (Guitar Or Bass) - Low E.m4a */; };
		D532A512127BB4D500F753E2 /* carbon.png in Resources */ = {isa = PBXBuildFile; fileRef = D532A509127BB4D500F753E2 /* carbon.png */; };
		D532A513127BB4D500F753E2 /* forward.png in Resources */ = {isa = PBXBuildFile; fileRef = D532A50A127BB4D500F753E2 /* forward.png */; };
		D532A514127BB4D500F753E2 /* pause.png in Resources */ = {isa = PBXBuildFile; fileRef = D532A50B127BB4D500F753E2 /* pause.png */; };
		D532A515127BB4D500F753E2 /* play.png in Resources */ = {isa = PBXBuildFile; fileRef = D532A50C127BB4D500F753E2 /* play.png */; };
		D532A516127BB4D500F753E2 /* rewind.png in Resources */ = {isa = PBXBuildFile; fileRef = D532A50D127BB4D500F753E2 /* rewind.png */; };
		D532A517127BB4D500F753E2 /* sound_meter_background.png in Resources */ = {isa = PBXBuildFile; fileRef = D532A50E127BB4D500F753E2 /* sound_meter_background.png */; };
		D532A518127BB4D500F753E2 /* sound_meter_glare.png in Resources */ = {isa = PBXBuildFile; fileRef = D532A50F127BB4D500F753E2 /* sound_meter_glare.png */; };
		D532A519127BB4D500F753E2 /* volume_down.png in Resources */ = {isa = PBXBuildFile; fileRef = D532A510127BB4D500F753E2 /* volume_down.png */; };
		D532A51A127BB4D500F753E2 /* volume_up.png in Resources */ = {isa = PBXBuildFile; fileRef = D532A511127BB4D500F753E2 /* volume_up.png */; };
		D5346529127DB8AE0063D06E /* Default-Portrait.png in Resources */ = {isa = PBXBuildFile; fileRef = D5346528127DB8AE0063D06E /* Default-Portrait.png */; };
		D5E47063127D2DAC00BA3DD6 /* ToneGeneratorViewController.m in Sources */ = {isa = PBXBuildFile; fileRef = D5E47061127D2DAC00BA3DD6 /* ToneGeneratorViewController.m */; };
		D5E47064127D2DAC00BA3DD6 /* ToneGeneratorViewController.xib in Resources */ = {isa = PBXBuildFile; fileRef = D5E47062127D2DAC00BA3DD6 /* ToneGeneratorViewController.xib */; };
		D5E4707B127DA55E00BA3DD6 /* AudioControlsViewController.m in Sources */ = {isa = PBXBuildFile; fileRef = D5E47079127DA55E00BA3DD6 /* AudioControlsViewController.m */; };
		D5E4707C127DA55E00BA3DD6 /* AudioControlsViewController.xib in Resources */ = {isa = PBXBuildFile; fileRef = D5E4707A127DA55E00BA3DD6 /* AudioControlsViewController.xib */; };
/* End PBXBuildFile section */

/* Begin PBXFileReference section */
		1D30AB110D05D00D00671497 /* Foundation.framework */ = {isa = PBXFileReference; lastKnownFileType = wrapper.framework; name = Foundation.framework; path = System/Library/Frameworks/Foundation.framework; sourceTree = SDKROOT; };
		1D3623240D0F684500981E51 /* AppDelegate.h */ = {isa = PBXFileReference; fileEncoding = 4; lastKnownFileType = sourcecode.c.h; path = AppDelegate.h; sourceTree = "<group>"; };
		1D3623250D0F684500981E51 /* AppDelegate.m */ = {isa = PBXFileReference; fileEncoding = 4; lastKnownFileType = sourcecode.c.objc; path = AppDelegate.m; sourceTree = "<group>"; };
		1D6058910D05DD3D006BFB54 /* referenceaudio.app */ = {isa = PBXFileReference; explicitFileType = wrapper.application; includeInIndex = 0; path = referenceaudio.app; sourceTree = BUILT_PRODUCTS_DIR; };
		1DF5F4DF0D08C38300B7A737 /* UIKit.framework */ = {isa = PBXFileReference; lastKnownFileType = wrapper.framework; name = UIKit.framework; path = System/Library/Frameworks/UIKit.framework; sourceTree = SDKROOT; };
		288765A40DF7441C002DB57D /* CoreGraphics.framework */ = {isa = PBXFileReference; lastKnownFileType = wrapper.framework; name = CoreGraphics.framework; path = System/Library/Frameworks/CoreGraphics.framework; sourceTree = SDKROOT; };
		2899E5210DE3E06400AC0155 /* referenceaudioViewController.xib */ = {isa = PBXFileReference; lastKnownFileType = file.xib; name = referenceaudioViewController.xib; path = Resources/NIBs/referenceaudioViewController.xib; sourceTree = "<group>"; };
		28AD733E0D9D9553002E5188 /* MainWindow.xib */ = {isa = PBXFileReference; lastKnownFileType = file.xib; name = MainWindow.xib; path = Resources/NIBs/MainWindow.xib; sourceTree = "<group>"; };
		28D7ACF60DDB3853001CB0EB /* referenceaudioViewController.h */ = {isa = PBXFileReference; fileEncoding = 4; lastKnownFileType = sourcecode.c.h; path = referenceaudioViewController.h; sourceTree = "<group>"; };
		28D7ACF70DDB3853001CB0EB /* referenceaudioViewController.m */ = {isa = PBXFileReference; fileEncoding = 4; lastKnownFileType = sourcecode.c.objc; path = referenceaudioViewController.m; sourceTree = "<group>"; };
		29B97316FDCFA39411CA2CEA /* main.m */ = {isa = PBXFileReference; fileEncoding = 4; lastKnownFileType = sourcecode.c.objc; path = main.m; sourceTree = "<group>"; };
		32CA4F630368D1EE00C91783 /* referenceaudio_Prefix.pch */ = {isa = PBXFileReference; fileEncoding = 4; lastKnownFileType = sourcecode.c.h; path = referenceaudio_Prefix.pch; sourceTree = "<group>"; };
		8D1107310486CEB800E47090 /* referenceaudio-Info.plist */ = {isa = PBXFileReference; fileEncoding = 4; lastKnownFileType = text.plist.xml; path = "referenceaudio-Info.plist"; plistStructureDefinitionIdentifier = "com.apple.xcode.plist.structure-definition.iphone.info-plist"; sourceTree = "<group>"; };
		C465D561127A5F2700639357 /* AVFoundation.framework */ = {isa = PBXFileReference; lastKnownFileType = wrapper.framework; name = AVFoundation.framework; path = System/Library/Frameworks/AVFoundation.framework; sourceTree = SDKROOT; };
		C465D577127A5F3000639357 /* AudioToolbox.framework */ = {isa = PBXFileReference; lastKnownFileType = wrapper.framework; name = AudioToolbox.framework; path = System/Library/Frameworks/AudioToolbox.framework; sourceTree = SDKROOT; };
		C465D59B127A5F3700639357 /* QuartzCore.framework */ = {isa = PBXFileReference; lastKnownFileType = wrapper.framework; name = QuartzCore.framework; path = System/Library/Frameworks/QuartzCore.framework; sourceTree = SDKROOT; };
		C465D59D127A5F4100639357 /* OpenGLES.framework */ = {isa = PBXFileReference; lastKnownFileType = wrapper.framework; name = OpenGLES.framework; path = System/Library/Frameworks/OpenGLES.framework; sourceTree = SDKROOT; };
		C465D661127A669700639357 /* MeterTable.h */ = {isa = PBXFileReference; fileEncoding = 4; lastKnownFileType = sourcecode.c.h; path = MeterTable.h; sourceTree = "<group>"; };
		C465D662127A669700639357 /* MeterTable.cpp */ = {isa = PBXFileReference; fileEncoding = 4; lastKnownFileType = sourcecode.cpp.cpp; path = MeterTable.cpp; sourceTree = "<group>"; };
		C465D664127A66AE00639357 /* referenceaudioController.h */ = {isa = PBXFileReference; fileEncoding = 4; lastKnownFileType = sourcecode.c.h; path = referenceaudioController.h; sourceTree = "<group>"; };
		C465D665127A66AE00639357 /* referenceaudioController.mm */ = {isa = PBXFileReference; fileEncoding = 4; lastKnownFileType = sourcecode.cpp.objcpp; path = referenceaudioController.mm; sourceTree = "<group>"; };
		C465D66C127A671D00639357 /* CALevelMeter.h */ = {isa = PBXFileReference; fileEncoding = 4; lastKnownFileType = sourcecode.c.h; path = CALevelMeter.h; sourceTree = "<group>"; };
		C465D66D127A671D00639357 /* CALevelMeter.mm */ = {isa = PBXFileReference; fileEncoding = 4; lastKnownFileType = sourcecode.cpp.objcpp; path = CALevelMeter.mm; sourceTree = "<group>"; };
		C465D66E127A671D00639357 /* GLLevelMeter.h */ = {isa = PBXFileReference; fileEncoding = 4; lastKnownFileType = sourcecode.c.h; path = GLLevelMeter.h; sourceTree = "<group>"; };
		C465D66F127A671D00639357 /* GLLevelMeter.m */ = {isa = PBXFileReference; fileEncoding = 4; lastKnownFileType = sourcecode.c.objc; path = GLLevelMeter.m; sourceTree = "<group>"; };
		C465D670127A671D00639357 /* LevelMeter.h */ = {isa = PBXFileReference; fileEncoding = 4; lastKnownFileType = sourcecode.c.h; path = LevelMeter.h; sourceTree = "<group>"; };
		C465D671127A671D00639357 /* LevelMeter.m */ = {isa = PBXFileReference; fileEncoding = 4; lastKnownFileType = sourcecode.c.objc; path = LevelMeter.m; sourceTree = "<group>"; };
		C4F2B8F6127DCA7100B1B7C9 /* PinkNoiseViewController.xib */ = {isa = PBXFileReference; lastKnownFileType = file.xib; name = PinkNoiseViewController.xib; path = Classes/PinkNoiseViewController.xib; sourceTree = "<group>"; };
		D531BF53127DB97F0053ABCA /* Default-Landscape.png */ = {isa = PBXFileReference; lastKnownFileType = image.png; path = "Default-Landscape.png"; sourceTree = "<group>"; };
		D532A48C127BB48500F753E2 /* 1 kHz.m4a */ = {isa = PBXFileReference; lastKnownFileType = file; name = "1 kHz.m4a"; path = "Resources/audio/1 kHz.m4a"; sourceTree = "<group>"; };
		D532A48D127BB48500F753E2 /* 1.6 kHz.m4a */ = {isa = PBXFileReference; lastKnownFileType = file; name = "1.6 kHz.m4a"; path = "Resources/audio/1.6 kHz.m4a"; sourceTree = "<group>"; };
		D532A48E127BB48500F753E2 /* 1.25 kHz.m4a */ = {isa = PBXFileReference; lastKnownFileType = file; name = "1.25 kHz.m4a"; path = "Resources/audio/1.25 kHz.m4a"; sourceTree = "<group>"; };
		D532A48F127BB48500F753E2 /* 2 kHz.m4a */ = {isa = PBXFileReference; lastKnownFileType = file; name = "2 kHz.m4a"; path = "Resources/audio/2 kHz.m4a"; sourceTree = "<group>"; };
		D532A490127BB48500F753E2 /* 2.5 kHz.m4a */ = {isa = PBXFileReference; lastKnownFileType = file; name = "2.5 kHz.m4a"; path = "Resources/audio/2.5 kHz.m4a"; sourceTree = "<group>"; };
		D532A491127BB48500F753E2 /* 3.15 kHz.m4a */ = {isa = PBXFileReference; lastKnownFileType = file; name = "3.15 kHz.m4a"; path = "Resources/audio/3.15 kHz.m4a"; sourceTree = "<group>"; };
		D532A492127BB48500F753E2 /* 4 kHz.m4a */ = {isa = PBXFileReference; lastKnownFileType = file; name = "4 kHz.m4a"; path = "Resources/audio/4 kHz.m4a"; sourceTree = "<group>"; };
		D532A493127BB48500F753E2 /* 5 kHz.m4a */ = {isa = PBXFileReference; lastKnownFileType = file; name = "5 kHz.m4a"; path = "Resources/audio/5 kHz.m4a"; sourceTree = "<group>"; };
		D532A494127BB48500F753E2 /* 6 kHz.m4a */ = {isa = PBXFileReference; lastKnownFileType = file; name = "6 kHz.m4a"; path = "Resources/audio/6 kHz.m4a"; sourceTree = "<group>"; };
		D532A495127BB48500F753E2 /* 8 kHz.m4a */ = {isa = PBXFileReference; lastKnownFileType = file; name = "8 kHz.m4a"; path = "Resources/audio/8 kHz.m4a"; sourceTree = "<group>"; };
		D532A496127BB48500F753E2 /* 10 kHz.m4a */ = {isa = PBXFileReference; lastKnownFileType = file; name = "10 kHz.m4a"; path = "Resources/audio/10 kHz.m4a"; sourceTree = "<group>"; };
		D532A497127BB48500F753E2 /* 11 kHz.m4a */ = {isa = PBXFileReference; lastKnownFileType = file; name = "11 kHz.m4a"; path = "Resources/audio/11 kHz.m4a"; sourceTree = "<group>"; };
		D532A498127BB48500F753E2 /* 12 kHz.m4a */ = {isa = PBXFileReference; lastKnownFileType = file; name = "12 kHz.m4a"; path = "Resources/audio/12 kHz.m4a"; sourceTree = "<group>"; };
		D532A499127BB48500F753E2 /* 12.5 kHz.m4a */ = {isa = PBXFileReference; lastKnownFileType = file; name = "12.5 kHz.m4a"; path = "Resources/audio/12.5 kHz.m4a"; sourceTree = "<group>"; };
		D532A49A127BB48500F753E2 /* 13 kHz.m4a */ = {isa = PBXFileReference; lastKnownFileType = file; name = "13 kHz.m4a"; path = "Resources/audio/13 kHz.m4a"; sourceTree = "<group>"; };
		D532A49B127BB48500F753E2 /* 14 kHz.m4a */ = {isa = PBXFileReference; lastKnownFileType = file; name = "14 kHz.m4a"; path = "Resources/audio/14 kHz.m4a"; sourceTree = "<group>"; };
		D532A49C127BB48500F753E2 /* 15 kHz.m4a */ = {isa = PBXFileReference; lastKnownFileType = file; name = "15 kHz.m4a"; path = "Resources/audio/15 kHz.m4a"; sourceTree = "<group>"; };
		D532A49D127BB48500F753E2 /* 16 kHz.m4a */ = {isa = PBXFileReference; lastKnownFileType = file; name = "16 kHz.m4a"; path = "Resources/audio/16 kHz.m4a"; sourceTree = "<group>"; };
		D532A49E127BB48500F753E2 /* 17 kHz.m4a */ = {isa = PBXFileReference; lastKnownFileType = file; name = "17 kHz.m4a"; path = "Resources/audio/17 kHz.m4a"; sourceTree = "<group>"; };
		D532A49F127BB48500F753E2 /* 18 kHz.m4a */ = {isa = PBXFileReference; lastKnownFileType = file; name = "18 kHz.m4a"; path = "Resources/audio/18 kHz.m4a"; sourceTree = "<group>"; };
		D532A4A0127BB48500F753E2 /* 19 kHz.m4a */ = {isa = PBXFileReference; lastKnownFileType = file; name = "19 kHz.m4a"; path = "Resources/audio/19 kHz.m4a"; sourceTree = "<group>"; };
		D532A4A1127BB48500F753E2 /* 20 Hz.m4a */ = {isa = PBXFileReference; lastKnownFileType = file; name = "20 Hz.m4a"; path = "Resources/audio/20 Hz.m4a"; sourceTree = "<group>"; };
		D532A4A2127BB48500F753E2 /* 20 kHz.m4a */ = {isa = PBXFileReference; lastKnownFileType = file; name = "20 kHz.m4a"; path = "Resources/audio/20 kHz.m4a"; sourceTree = "<group>"; };
		D532A4A3127BB48500F753E2 /* 25 Hz.m4a */ = {isa = PBXFileReference; lastKnownFileType = file; name = "25 Hz.m4a"; path = "Resources/audio/25 Hz.m4a"; sourceTree = "<group>"; };
		D532A4A4127BB48500F753E2 /* 31.5 Hz.m4a */ = {isa = PBXFileReference; lastKnownFileType = file; name = "31.5 Hz.m4a"; path = "Resources/audio/31.5 Hz.m4a"; sourceTree = "<group>"; };
		D532A4A5127BB48500F753E2 /* 40 Hz.m4a */ = {isa = PBXFileReference; lastKnownFileType = file; name = "40 Hz.m4a"; path = "Resources/audio/40 Hz.m4a"; sourceTree = "<group>"; };
		D532A4A6127BB48500F753E2 /* 50 Hz.m4a */ = {isa = PBXFileReference; lastKnownFileType = file; name = "50 Hz.m4a"; path = "Resources/audio/50 Hz.m4a"; sourceTree = "<group>"; };
		D532A4A7127BB48500F753E2 /* 63 Hz.m4a */ = {isa = PBXFileReference; lastKnownFileType = file; name = "63 Hz.m4a"; path = "Resources/audio/63 Hz.m4a"; sourceTree = "<group>"; };
		D532A4A8127BB48500F753E2 /* 80 Hz.m4a */ = {isa = PBXFileReference; lastKnownFileType = file; name = "80 Hz.m4a"; path = "Resources/audio/80 Hz.m4a"; sourceTree = "<group>"; };
		D532A4A9127BB48500F753E2 /* 100 Hz.m4a */ = {isa = PBXFileReference; lastKnownFileType = file; name = "100 Hz.m4a"; path = "Resources/audio/100 Hz.m4a"; sourceTree = "<group>"; };
		D532A4AA127BB48500F753E2 /* 125 Hz.m4a */ = {isa = PBXFileReference; lastKnownFileType = file; name = "125 Hz.m4a"; path = "Resources/audio/125 Hz.m4a"; sourceTree = "<group>"; };
		D532A4AB127BB48500F753E2 /* 160 Hz.m4a */ = {isa = PBXFileReference; lastKnownFileType = file; name = "160 Hz.m4a"; path = "Resources/audio/160 Hz.m4a"; sourceTree = "<group>"; };
		D532A4AC127BB48500F753E2 /* 200 Hz.m4a */ = {isa = PBXFileReference; lastKnownFileType = file; name = "200 Hz.m4a"; path = "Resources/audio/200 Hz.m4a"; sourceTree = "<group>"; };
		D532A4AD127BB48500F753E2 /* 250 Hz.m4a */ = {isa = PBXFileReference; lastKnownFileType = file; name = "250 Hz.m4a"; path = "Resources/audio/250 Hz.m4a"; sourceTree = "<group>"; };
		D532A4AE127BB48500F753E2 /* 315 Hz.m4a */ = {isa = PBXFileReference; lastKnownFileType = file; name = "315 Hz.m4a"; path = "Resources/audio/315 Hz.m4a"; sourceTree = "<group>"; };
		D532A4AF127BB48500F753E2 /* 400 Hz.m4a */ = {isa = PBXFileReference; lastKnownFileType = file; name = "400 Hz.m4a"; path = "Resources/audio/400 Hz.m4a"; sourceTree = "<group>"; };
		D532A4B0127BB48500F753E2 /* 500 Hz.m4a */ = {isa = PBXFileReference; lastKnownFileType = file; name = "500 Hz.m4a"; path = "Resources/audio/500 Hz.m4a"; sourceTree = "<group>"; };
		D532A4B1127BB48500F753E2 /* 630 Hz.m4a */ = {isa = PBXFileReference; lastKnownFileType = file; name = "630 Hz.m4a"; path = "Resources/audio/630 Hz.m4a"; sourceTree = "<group>"; };
		D532A4B2127BB48500F753E2 /* 800 Hz.m4a */ = {isa = PBXFileReference; lastKnownFileType = file; name = "800 Hz.m4a"; path = "Resources/audio/800 Hz.m4a"; sourceTree = "<group>"; };
		D532A4B3127BB48500F753E2 /* Acoustic Guitar (Artist_ Michael Molenda).m4a */ = {isa = PBXFileReference; lastKnownFileType = file; name = "Acoustic Guitar (Artist_ Michael Molenda).m4a"; path = "Resources/audio/Acoustic Guitar (Artist_ Michael Molenda).m4a"; sourceTree = "<group>"; };
		D532A4B4127BB48500F753E2 /* Drum Kit (Artist_ Larry The O).m4a */ = {isa = PBXFileReference; lastKnownFileType = file; name = "Drum Kit (Artist_ Larry The O).m4a"; path = "Resources/audio/Drum Kit (Artist_ Larry The O).m4a"; sourceTree = "<group>"; };
		D532A4B5127BB48500F753E2 /* Electric Guitar With Chorus (Artist_ Michael Molenda).m4a */ = {isa = PBXFileReference; lastKnownFileType = file; name = "Electric Guitar With Chorus (Artist_ Michael Molenda).m4a"; path = "Resources/audio/Electric Guitar With Chorus (Artist_ Michael Molenda).m4a"; sourceTree = "<group>"; };
		D532A4B6127BB48500F753E2 /* Female Vocal (Artist_ Claudia Conrad).m4a */ = {isa = PBXFileReference; lastKnownFileType = file; name = "Female Vocal (Artist_ Claudia Conrad).m4a"; path = "Resources/audio/Female Vocal (Artist_ Claudia Conrad).m4a"; sourceTree = "<group>"; };
		D532A4B7127BB48500F753E2 /* Frequency Sweep - 20 Hz To 20 kHz Upwards.m4a */ = {isa = PBXFileReference; lastKnownFileType = file; name = "Frequency Sweep - 20 Hz To 20 kHz Upwards.m4a"; path = "Resources/audio/Frequency Sweep - 20 Hz To 20 kHz Upwards.m4a"; sourceTree = "<group>"; };
		D532A4B8127BB48500F753E2 /* Frequency Sweep - 20 kHz To 20 Hz Downwards.m4a */ = {isa = PBXFileReference; lastKnownFileType = file; name = "Frequency Sweep - 20 kHz To 20 Hz Downwards.m4a"; path = "Resources/audio/Frequency Sweep - 20 kHz To 20 Hz Downwards.m4a"; sourceTree = "<group>"; };
		D532A4B9127BB48500F753E2 /* Male Vocal (Artist_ Dave Crimmen).m4a */ = {isa = PBXFileReference; lastKnownFileType = file; name = "Male Vocal (Artist_ Dave Crimmen).m4a"; path = "Resources/audio/Male Vocal (Artist_ Dave Crimmen).m4a"; sourceTree = "<group>"; };
		D532A4BA127BB48500F753E2 /* Phase Test (250 Hz Sine Wave) - In-Phase.m4a */ = {isa = PBXFileReference; lastKnownFileType = file; name = "Phase Test (250 Hz Sine Wave) - In-Phase.m4a"; path = "Resources/audio/Phase Test (250 Hz Sine Wave) - In-Phase.m4a"; sourceTree = "<group>"; };
		D532A4BB127BB48500F753E2 /* Phase Test (250 Hz Sine Wave) - Out-Of-Phase.m4a */ = {isa = PBXFileReference; lastKnownFileType = file; name = "Phase Test (250 Hz Sine Wave) - Out-Of-Phase.m4a"; path = "Resources/audio/Phase Test (250 Hz Sine Wave) - Out-Of-Phase.m4a"; sourceTree = "<group>"; };
		D532A4BC127BB48500F753E2 /* Piano Solo (Artist_ J.J. Jenkins).m4a */ = {isa = PBXFileReference; lastKnownFileType = file; name = "Piano Solo (Artist_ J.J. Jenkins).m4a"; path = "Resources/audio/Piano Solo (Artist_ J.J. Jenkins).m4a"; sourceTree = "<group>"; };
		D532A4BD127BB48500F753E2 /* Saxophone (Artist_ Frank Macchia).m4a */ = {isa = PBXFileReference; lastKnownFileType = file; name = "Saxophone (Artist_ Frank Macchia).m4a"; path = "Resources/audio/Saxophone (Artist_ Frank Macchia).m4a"; sourceTree = "<group>"; };
		D532A4BE127BB48500F753E2 /* Snare Drum Loop (Artist_ Larry The O).m4a */ = {isa = PBXFileReference; lastKnownFileType = file; name = "Snare Drum Loop (Artist_ Larry The O).m4a"; path = "Resources/audio/Snare Drum Loop (Artist_ Larry The O).m4a"; sourceTree = "<group>"; };
		D532A4BF127BB48500F753E2 /* Square Wave - 1 kHz.m4a */ = {isa = PBXFileReference; lastKnownFileType = file; name = "Square Wave - 1 kHz.m4a"; path = "Resources/audio/Square Wave - 1 kHz.m4a"; sourceTree = "<group>"; };
		D532A4C0127BB48500F753E2 /* Square Wave - 5 kHz.m4a */ = {isa = PBXFileReference; lastKnownFileType = file; name = "Square Wave - 5 kHz.m4a"; path = "Resources/audio/Square Wave - 5 kHz.m4a"; sourceTree = "<group>"; };
		D532A4C1127BB48500F753E2 /* Square Wave - 10 kHz.m4a */ = {isa = PBXFileReference; lastKnownFileType = file; name = "Square Wave - 10 kHz.m4a"; path = "Resources/audio/Square Wave - 10 kHz.m4a"; sourceTree = "<group>"; };
		D532A4C2127BB48500F753E2 /* Square Wave - 100 Hz.m4a */ = {isa = PBXFileReference; lastKnownFileType = file; name = "Square Wave - 100 Hz.m4a"; path = "Resources/audio/Square Wave - 100 Hz.m4a"; sourceTree = "<group>"; };
		D532A4C3127BB48500F753E2 /* Square Wave - 500 Hz.m4a */ = {isa = PBXFileReference; lastKnownFileType = file; name = "Square Wave - 500 Hz.m4a"; path = "Resources/audio/Square Wave - 500 Hz.m4a"; sourceTree = "<group>"; };
		D532A4C4127BB48500F753E2 /* Tuning Notes (Guitar Or Bass) - A.m4a */ = {isa = PBXFileReference; lastKnownFileType = file; name = "Tuning Notes (Guitar Or Bass) - A.m4a"; path = "Resources/audio/Tuning Notes (Guitar Or Bass) - A.m4a"; sourceTree = "<group>"; };
		D532A4C5127BB48500F753E2 /* Tuning Notes (Guitar Or Bass) - B.m4a */ = {isa = PBXFileReference; lastKnownFileType = file; name = "Tuning Notes (Guitar Or Bass) - B.m4a"; path = "Resources/audio/Tuning Notes (Guitar Or Bass) - B.m4a"; sourceTree = "<group>"; };
		D532A4C6127BB48500F753E2 /* Tuning Notes (Guitar Or Bass) - D.m4a */ = {isa = PBXFileReference; lastKnownFileType = file; name = "Tuning Notes (Guitar Or Bass) - D.m4a"; path = "Resources/audio/Tuning Notes (Guitar Or Bass) - D.m4a"; sourceTree = "<group>"; };
		D532A4C7127BB48500F753E2 /* Tuning Notes (Guitar Or Bass) - G.m4a */ = {isa = PBXFileReference; lastKnownFileType = file; name = "Tuning Notes (Guitar Or Bass) - G.m4a"; path = "Resources/audio/Tuning Notes (Guitar Or Bass) - G.m4a"; sourceTree = "<group>"; };
		D532A4C8127BB48500F753E2 /* Tuning Notes (Guitar Or Bass) - High E.m4a */ = {isa = PBXFileReference; lastKnownFileType = file; name = "Tuning Notes (Guitar Or Bass) - High E.m4a"; path = "Resources/audio/Tuning Notes (Guitar Or Bass) - High E.m4a"; sourceTree = "<group>"; };
		D532A4C9127BB48500F753E2 /* Tuning Notes (Guitar Or Bass) - Low E.m4a */ = {isa = PBXFileReference; lastKnownFileType = file; name = "Tuning Notes (Guitar Or Bass) - Low E.m4a"; path = "Resources/audio/Tuning Notes (Guitar Or Bass) - Low E.m4a"; sourceTree = "<group>"; };
		D532A509127BB4D500F753E2 /* carbon.png */ = {isa = PBXFileReference; lastKnownFileType = image.png; path = carbon.png; sourceTree = "<group>"; };
		D532A50A127BB4D500F753E2 /* forward.png */ = {isa = PBXFileReference; lastKnownFileType = image.png; path = forward.png; sourceTree = "<group>"; };
		D532A50B127BB4D500F753E2 /* pause.png */ = {isa = PBXFileReference; lastKnownFileType = image.png; path = pause.png; sourceTree = "<group>"; };
		D532A50C127BB4D500F753E2 /* play.png */ = {isa = PBXFileReference; lastKnownFileType = image.png; path = play.png; sourceTree = "<group>"; };
		D532A50D127BB4D500F753E2 /* rewind.png */ = {isa = PBXFileReference; lastKnownFileType = image.png; path = rewind.png; sourceTree = "<group>"; };
		D532A50E127BB4D500F753E2 /* sound_meter_background.png */ = {isa = PBXFileReference; lastKnownFileType = image.png; path = sound_meter_background.png; sourceTree = "<group>"; };
		D532A50F127BB4D500F753E2 /* sound_meter_glare.png */ = {isa = PBXFileReference; lastKnownFileType = image.png; path = sound_meter_glare.png; sourceTree = "<group>"; };
		D532A510127BB4D500F753E2 /* volume_down.png */ = {isa = PBXFileReference; lastKnownFileType = image.png; path = volume_down.png; sourceTree = "<group>"; };
		D532A511127BB4D500F753E2 /* volume_up.png */ = {isa = PBXFileReference; lastKnownFileType = image.png; path = volume_up.png; sourceTree = "<group>"; };
		D5346528127DB8AE0063D06E /* Default-Portrait.png */ = {isa = PBXFileReference; lastKnownFileType = image.png; path = "Default-Portrait.png"; sourceTree = "<group>"; };
		D5E47060127D2DAC00BA3DD6 /* ToneGeneratorViewController.h */ = {isa = PBXFileReference; fileEncoding = 4; lastKnownFileType = sourcecode.c.h; path = ToneGeneratorViewController.h; sourceTree = "<group>"; };
		D5E47061127D2DAC00BA3DD6 /* ToneGeneratorViewController.m */ = {isa = PBXFileReference; fileEncoding = 4; lastKnownFileType = sourcecode.c.objc; path = ToneGeneratorViewController.m; sourceTree = "<group>"; };
		D5E47062127D2DAC00BA3DD6 /* ToneGeneratorViewController.xib */ = {isa = PBXFileReference; lastKnownFileType = file.xib; name = ToneGeneratorViewController.xib; path = Classes/ToneGeneratorViewController.xib; sourceTree = "<group>"; };
		D5E47078127DA55E00BA3DD6 /* AudioControlsViewController.h */ = {isa = PBXFileReference; fileEncoding = 4; lastKnownFileType = sourcecode.c.h; path = AudioControlsViewController.h; sourceTree = "<group>"; };
		D5E47079127DA55E00BA3DD6 /* AudioControlsViewController.m */ = {isa = PBXFileReference; fileEncoding = 4; lastKnownFileType = sourcecode.c.objc; path = AudioControlsViewController.m; sourceTree = "<group>"; };
		D5E4707A127DA55E00BA3DD6 /* AudioControlsViewController.xib */ = {isa = PBXFileReference; lastKnownFileType = file.xib; name = AudioControlsViewController.xib; path = Classes/AudioControlsViewController.xib; sourceTree = "<group>"; };
/* End PBXFileReference section */

/* Begin PBXFrameworksBuildPhase section */
		1D60588F0D05DD3D006BFB54 /* Frameworks */ = {
			isa = PBXFrameworksBuildPhase;
			buildActionMask = 2147483647;
			files = (
				1D60589F0D05DD5A006BFB54 /* Foundation.framework in Frameworks */,
				1DF5F4E00D08C38300B7A737 /* UIKit.framework in Frameworks */,
				288765A50DF7441C002DB57D /* CoreGraphics.framework in Frameworks */,
				C465D562127A5F2700639357 /* AVFoundation.framework in Frameworks */,
				C465D578127A5F3000639357 /* AudioToolbox.framework in Frameworks */,
				C465D59C127A5F3700639357 /* QuartzCore.framework in Frameworks */,
				C465D59E127A5F4100639357 /* OpenGLES.framework in Frameworks */,
			);
			runOnlyForDeploymentPostprocessing = 0;
		};
/* End PBXFrameworksBuildPhase section */

/* Begin PBXGroup section */
		080E96DDFE201D6D7F000001 /* Classes */ = {
			isa = PBXGroup;
			children = (
				C465D66B127A671D00639357 /* AudioViews */,
				D532A568127BBCB000F753E2 /* ViewControllers */,
				1D3623240D0F684500981E51 /* AppDelegate.h */,
				1D3623250D0F684500981E51 /* AppDelegate.m */,
				C465D664127A66AE00639357 /* referenceaudioController.h */,
				C465D665127A66AE00639357 /* referenceaudioController.mm */,
			);
			path = Classes;
			sourceTree = "<group>";
		};
		19C28FACFE9D520D11CA2CBB /* Products */ = {
			isa = PBXGroup;
			children = (
				1D6058910D05DD3D006BFB54 /* referenceaudio.app */,
			);
			name = Products;
			sourceTree = "<group>";
		};
		29B97314FDCFA39411CA2CEA /* CustomTemplate */ = {
			isa = PBXGroup;
			children = (
				080E96DDFE201D6D7F000001 /* Classes */,
				29B97315FDCFA39411CA2CEA /* Other Sources */,
				29B97317FDCFA39411CA2CEA /* Resources */,
				29B97323FDCFA39411CA2CEA /* Frameworks */,
				19C28FACFE9D520D11CA2CBB /* Products */,
			);
			name = CustomTemplate;
			sourceTree = "<group>";
		};
		29B97315FDCFA39411CA2CEA /* Other Sources */ = {
			isa = PBXGroup;
			children = (
				C465D661127A669700639357 /* MeterTable.h */,
				C465D662127A669700639357 /* MeterTable.cpp */,
				32CA4F630368D1EE00C91783 /* referenceaudio_Prefix.pch */,
				29B97316FDCFA39411CA2CEA /* main.m */,
			);
			name = "Other Sources";
			sourceTree = "<group>";
		};
		29B97317FDCFA39411CA2CEA /* Resources */ = {
			isa = PBXGroup;
			children = (
				C465D5AC127A5F5100639357 /* audio */,
				D532A508127BB4D500F753E2 /* images */,
				D532A52E127BB88F00F753E2 /* NIBs */,
				8D1107310486CEB800E47090 /* referenceaudio-Info.plist */,
			);
			name = Resources;
			sourceTree = "<group>";
		};
		29B97323FDCFA39411CA2CEA /* Frameworks */ = {
			isa = PBXGroup;
			children = (
				C465D59D127A5F4100639357 /* OpenGLES.framework */,
				C465D59B127A5F3700639357 /* QuartzCore.framework */,
				C465D577127A5F3000639357 /* AudioToolbox.framework */,
				C465D561127A5F2700639357 /* AVFoundation.framework */,
				1DF5F4DF0D08C38300B7A737 /* UIKit.framework */,
				1D30AB110D05D00D00671497 /* Foundation.framework */,
				288765A40DF7441C002DB57D /* CoreGraphics.framework */,
			);
			name = Frameworks;
			sourceTree = "<group>";
		};
		C465D5AC127A5F5100639357 /* audio */ = {
			isa = PBXGroup;
			children = (
				D532A48C127BB48500F753E2 /* 1 kHz.m4a */,
				D532A48D127BB48500F753E2 /* 1.6 kHz.m4a */,
				D532A48E127BB48500F753E2 /* 1.25 kHz.m4a */,
				D532A48F127BB48500F753E2 /* 2 kHz.m4a */,
				D532A490127BB48500F753E2 /* 2.5 kHz.m4a */,
				D532A491127BB48500F753E2 /* 3.15 kHz.m4a */,
				D532A492127BB48500F753E2 /* 4 kHz.m4a */,
				D532A493127BB48500F753E2 /* 5 kHz.m4a */,
				D532A494127BB48500F753E2 /* 6 kHz.m4a */,
				D532A495127BB48500F753E2 /* 8 kHz.m4a */,
				D532A496127BB48500F753E2 /* 10 kHz.m4a */,
				D532A497127BB48500F753E2 /* 11 kHz.m4a */,
				D532A498127BB48500F753E2 /* 12 kHz.m4a */,
				D532A499127BB48500F753E2 /* 12.5 kHz.m4a */,
				D532A49A127BB48500F753E2 /* 13 kHz.m4a */,
				D532A49B127BB48500F753E2 /* 14 kHz.m4a */,
				D532A49C127BB48500F753E2 /* 15 kHz.m4a */,
				D532A49D127BB48500F753E2 /* 16 kHz.m4a */,
				D532A49E127BB48500F753E2 /* 17 kHz.m4a */,
				D532A49F127BB48500F753E2 /* 18 kHz.m4a */,
				D532A4A0127BB48500F753E2 /* 19 kHz.m4a */,
				D532A4A1127BB48500F753E2 /* 20 Hz.m4a */,
				D532A4A2127BB48500F753E2 /* 20 kHz.m4a */,
				D532A4A3127BB48500F753E2 /* 25 Hz.m4a */,
				D532A4A4127BB48500F753E2 /* 31.5 Hz.m4a */,
				D532A4A5127BB48500F753E2 /* 40 Hz.m4a */,
				D532A4A6127BB48500F753E2 /* 50 Hz.m4a */,
				D532A4A7127BB48500F753E2 /* 63 Hz.m4a */,
				D532A4A8127BB48500F753E2 /* 80 Hz.m4a */,
				D532A4A9127BB48500F753E2 /* 100 Hz.m4a */,
				D532A4AA127BB48500F753E2 /* 125 Hz.m4a */,
				D532A4AB127BB48500F753E2 /* 160 Hz.m4a */,
				D532A4AC127BB48500F753E2 /* 200 Hz.m4a */,
				D532A4AD127BB48500F753E2 /* 250 Hz.m4a */,
				D532A4AE127BB48500F753E2 /* 315 Hz.m4a */,
				D532A4AF127BB48500F753E2 /* 400 Hz.m4a */,
				D532A4B0127BB48500F753E2 /* 500 Hz.m4a */,
				D532A4B1127BB48500F753E2 /* 630 Hz.m4a */,
				D532A4B2127BB48500F753E2 /* 800 Hz.m4a */,
				D532A4B3127BB48500F753E2 /* Acoustic Guitar (Artist_ Michael Molenda).m4a */,
				D532A4B4127BB48500F753E2 /* Drum Kit (Artist_ Larry The O).m4a */,
				D532A4B5127BB48500F753E2 /* Electric Guitar With Chorus (Artist_ Michael Molenda).m4a */,
				D532A4B6127BB48500F753E2 /* Female Vocal (Artist_ Claudia Conrad).m4a */,
				D532A4B7127BB48500F753E2 /* Frequency Sweep - 20 Hz To 20 kHz Upwards.m4a */,
				D532A4B8127BB48500F753E2 /* Frequency Sweep - 20 kHz To 20 Hz Downwards.m4a */,
				D532A4B9127BB48500F753E2 /* Male Vocal (Artist_ Dave Crimmen).m4a */,
				D532A4BA127BB48500F753E2 /* Phase Test (250 Hz Sine Wave) - In-Phase.m4a */,
				D532A4BB127BB48500F753E2 /* Phase Test (250 Hz Sine Wave) - Out-Of-Phase.m4a */,
				D532A4BC127BB48500F753E2 /* Piano Solo (Artist_ J.J. Jenkins).m4a */,
				D532A4BD127BB48500F753E2 /* Saxophone (Artist_ Frank Macchia).m4a */,
				D532A4BE127BB48500F753E2 /* Snare Drum Loop (Artist_ Larry The O).m4a */,
				D532A4BF127BB48500F753E2 /* Square Wave - 1 kHz.m4a */,
				D532A4C0127BB48500F753E2 /* Square Wave - 5 kHz.m4a */,
				D532A4C1127BB48500F753E2 /* Square Wave - 10 kHz.m4a */,
				D532A4C2127BB48500F753E2 /* Square Wave - 100 Hz.m4a */,
				D532A4C3127BB48500F753E2 /* Square Wave - 500 Hz.m4a */,
				D532A4C4127BB48500F753E2 /* Tuning Notes (Guitar Or Bass) - A.m4a */,
				D532A4C5127BB48500F753E2 /* Tuning Notes (Guitar Or Bass) - B.m4a */,
				D532A4C6127BB48500F753E2 /* Tuning Notes (Guitar Or Bass) - D.m4a */,
				D532A4C7127BB48500F753E2 /* Tuning Notes (Guitar Or Bass) - G.m4a */,
				D532A4C8127BB48500F753E2 /* Tuning Notes (Guitar Or Bass) - High E.m4a */,
				D532A4C9127BB48500F753E2 /* Tuning Notes (Guitar Or Bass) - Low E.m4a */,
			);
			name = audio;
			sourceTree = "<group>";
		};
		C465D66B127A671D00639357 /* AudioViews */ = {
			isa = PBXGroup;
			children = (
				C465D66C127A671D00639357 /* CALevelMeter.h */,
				C465D66D127A671D00639357 /* CALevelMeter.mm */,
				C465D66E127A671D00639357 /* GLLevelMeter.h */,
				C465D66F127A671D00639357 /* GLLevelMeter.m */,
				C465D670127A671D00639357 /* LevelMeter.h */,
				C465D671127A671D00639357 /* LevelMeter.m */,
			);
			name = AudioViews;
			sourceTree = "<group>";
		};
		D532A508127BB4D500F753E2 /* images */ = {
			isa = PBXGroup;
			children = (
				D532A509127BB4D500F753E2 /* carbon.png */,
				D532A50A127BB4D500F753E2 /* forward.png */,
				D532A50B127BB4D500F753E2 /* pause.png */,
				D532A50C127BB4D500F753E2 /* play.png */,
				D532A50D127BB4D500F753E2 /* rewind.png */,
				D532A50E127BB4D500F753E2 /* sound_meter_background.png */,
				D532A50F127BB4D500F753E2 /* sound_meter_glare.png */,
				D532A510127BB4D500F753E2 /* volume_down.png */,
				D532A511127BB4D500F753E2 /* volume_up.png */,
				D531BF53127DB97F0053ABCA /* Default-Landscape.png */,
				D5346528127DB8AE0063D06E /* Default-Portrait.png */,
			);
			name = images;
			path = Resources/images;
			sourceTree = "<group>";
		};
		D532A52E127BB88F00F753E2 /* NIBs */ = {
			isa = PBXGroup;
			children = (
				D5E4707A127DA55E00BA3DD6 /* AudioControlsViewController.xib */,
				C4F2B8F6127DCA7100B1B7C9 /* PinkNoiseViewController.xib */,
				28AD733E0D9D9553002E5188 /* MainWindow.xib */,
				2899E5210DE3E06400AC0155 /* referenceaudioViewController.xib */,
				D5E47062127D2DAC00BA3DD6 /* ToneGeneratorViewController.xib */,
			);
			name = NIBs;
			sourceTree = "<group>";
		};
		D532A568127BBCB000F753E2 /* ViewControllers */ = {
			isa = PBXGroup;
			children = (
				D5E47078127DA55E00BA3DD6 /* AudioControlsViewController.h */,
				D5E47079127DA55E00BA3DD6 /* AudioControlsViewController.m */,
				28D7ACF60DDB3853001CB0EB /* referenceaudioViewController.h */,
				28D7ACF70DDB3853001CB0EB /* referenceaudioViewController.m */,
				D5E47060127D2DAC00BA3DD6 /* ToneGeneratorViewController.h */,
				D5E47061127D2DAC00BA3DD6 /* ToneGeneratorViewController.m */,
			);
			name = ViewControllers;
			sourceTree = "<group>";
		};
/* End PBXGroup section */

/* Begin PBXNativeTarget section */
		1D6058900D05DD3D006BFB54 /* referenceaudio */ = {
			isa = PBXNativeTarget;
			buildConfigurationList = 1D6058960D05DD3E006BFB54 /* Build configuration list for PBXNativeTarget "referenceaudio" */;
			buildPhases = (
				1D60588D0D05DD3D006BFB54 /* Resources */,
				1D60588E0D05DD3D006BFB54 /* Sources */,
				1D60588F0D05DD3D006BFB54 /* Frameworks */,
			);
			buildRules = (
			);
			dependencies = (
			);
			name = referenceaudio;
			productName = referenceaudio;
			productReference = 1D6058910D05DD3D006BFB54 /* referenceaudio.app */;
			productType = "com.apple.product-type.application";
		};
/* End PBXNativeTarget section */

/* Begin PBXProject section */
		29B97313FDCFA39411CA2CEA /* Project object */ = {
			isa = PBXProject;
			buildConfigurationList = C01FCF4E08A954540054247B /* Build configuration list for PBXProject "referenceaudio" */;
			compatibilityVersion = "Xcode 3.1";
			developmentRegion = English;
			hasScannedForEncodings = 1;
			knownRegions = (
				English,
				Japanese,
				French,
				German,
			);
			mainGroup = 29B97314FDCFA39411CA2CEA /* CustomTemplate */;
			projectDirPath = "";
			projectRoot = "";
			targets = (
				1D6058900D05DD3D006BFB54 /* referenceaudio */,
			);
		};
/* End PBXProject section */

/* Begin PBXResourcesBuildPhase section */
		1D60588D0D05DD3D006BFB54 /* Resources */ = {
			isa = PBXResourcesBuildPhase;
			buildActionMask = 2147483647;
			files = (
				28AD733F0D9D9553002E5188 /* MainWindow.xib in Resources */,
				2899E5220DE3E06400AC0155 /* referenceaudioViewController.xib in Resources */,
				D532A4CA127BB48500F753E2 /* 1 kHz.m4a in Resources */,
				D532A4CB127BB48500F753E2 /* 1.6 kHz.m4a in Resources */,
				D532A4CC127BB48500F753E2 /* 1.25 kHz.m4a in Resources */,
				D532A4CD127BB48500F753E2 /* 2 kHz.m4a in Resources */,
				D532A4CE127BB48500F753E2 /* 2.5 kHz.m4a in Resources */,
				D532A4CF127BB48500F753E2 /* 3.15 kHz.m4a in Resources */,
				D532A4D0127BB48500F753E2 /* 4 kHz.m4a in Resources */,
				D532A4D1127BB48500F753E2 /* 5 kHz.m4a in Resources */,
				D532A4D2127BB48500F753E2 /* 6 kHz.m4a in Resources */,
				D532A4D3127BB48500F753E2 /* 8 kHz.m4a in Resources */,
				D532A4D4127BB48500F753E2 /* 10 kHz.m4a in Resources */,
				D532A4D5127BB48500F753E2 /* 11 kHz.m4a in Resources */,
				D532A4D6127BB48500F753E2 /* 12 kHz.m4a in Resources */,
				D532A4D7127BB48500F753E2 /* 12.5 kHz.m4a in Resources */,
				D532A4D8127BB48500F753E2 /* 13 kHz.m4a in Resources */,
				D532A4D9127BB48500F753E2 /* 14 kHz.m4a in Resources */,
				D532A4DA127BB48500F753E2 /* 15 kHz.m4a in Resources */,
				D532A4DB127BB48500F753E2 /* 16 kHz.m4a in Resources */,
				D532A4DC127BB48500F753E2 /* 17 kHz.m4a in Resources */,
				D532A4DD127BB48500F753E2 /* 18 kHz.m4a in Resources */,
				D532A4DE127BB48500F753E2 /* 19 kHz.m4a in Resources */,
				D532A4DF127BB48500F753E2 /* 20 Hz.m4a in Resources */,
				D532A4E0127BB48500F753E2 /* 20 kHz.m4a in Resources */,
				D532A4E1127BB48500F753E2 /* 25 Hz.m4a in Resources */,
				D532A4E2127BB48500F753E2 /* 31.5 Hz.m4a in Resources */,
				D532A4E3127BB48500F753E2 /* 40 Hz.m4a in Resources */,
				D532A4E4127BB48500F753E2 /* 50 Hz.m4a in Resources */,
				D532A4E5127BB48500F753E2 /* 63 Hz.m4a in Resources */,
				D532A4E6127BB48500F753E2 /* 80 Hz.m4a in Resources */,
				D532A4E7127BB48500F753E2 /* 100 Hz.m4a in Resources */,
				D532A4E8127BB48500F753E2 /* 125 Hz.m4a in Resources */,
				D532A4E9127BB48500F753E2 /* 160 Hz.m4a in Resources */,
				D532A4EA127BB48500F753E2 /* 200 Hz.m4a in Resources */,
				D532A4EB127BB48500F753E2 /* 250 Hz.m4a in Resources */,
				D532A4EC127BB48500F753E2 /* 315 Hz.m4a in Resources */,
				D532A4ED127BB48500F753E2 /* 400 Hz.m4a in Resources */,
				D532A4EE127BB48500F753E2 /* 500 Hz.m4a in Resources */,
				D532A4EF127BB48500F753E2 /* 630 Hz.m4a in Resources */,
				D532A4F0127BB48500F753E2 /* 800 Hz.m4a in Resources */,
				D532A4F1127BB48500F753E2 /* Acoustic Guitar (Artist_ Michael Molenda).m4a in Resources */,
				D532A4F2127BB48500F753E2 /* Drum Kit (Artist_ Larry The O).m4a in Resources */,
				D532A4F3127BB48500F753E2 /* Electric Guitar With Chorus (Artist_ Michael Molenda).m4a in Resources */,
				D532A4F4127BB48500F753E2 /* Female Vocal (Artist_ Claudia Conrad).m4a in Resources */,
				D532A4F5127BB48500F753E2 /* Frequency Sweep - 20 Hz To 20 kHz Upwards.m4a in Resources */,
				D532A4F6127BB48500F753E2 /* Frequency Sweep - 20 kHz To 20 Hz Downwards.m4a in Resources */,
				D532A4F7127BB48500F753E2 /* Male Vocal (Artist_ Dave Crimmen).m4a in Resources */,
				D532A4F8127BB48500F753E2 /* Phase Test (250 Hz Sine Wave) - In-Phase.m4a in Resources */,
				D532A4F9127BB48500F753E2 /* Phase Test (250 Hz Sine Wave) - Out-Of-Phase.m4a in Resources */,
				D532A4FA127BB48500F753E2 /* Piano Solo (Artist_ J.J. Jenkins).m4a in Resources */,
				D532A4FB127BB48500F753E2 /* Saxophone (Artist_ Frank Macchia).m4a in Resources */,
				D532A4FC127BB48500F753E2 /* Snare Drum Loop (Artist_ Larry The O).m4a in Resources */,
				D532A4FD127BB48500F753E2 /* Square Wave - 1 kHz.m4a in Resources */,
				D532A4FE127BB48500F753E2 /* Square Wave - 5 kHz.m4a in Resources */,
				D532A4FF127BB48500F753E2 /* Square Wave - 10 kHz.m4a in Resources */,
				D532A500127BB48500F753E2 /* Square Wave - 100 Hz.m4a in Resources */,
				D532A501127BB48500F753E2 /* Square Wave - 500 Hz.m4a in Resources */,
				D532A502127BB48500F753E2 /* Tuning Notes (Guitar Or Bass) - A.m4a in Resources */,
				D532A503127BB48500F753E2 /* Tuning Notes (Guitar Or Bass) - B.m4a in Resources */,
				D532A504127BB48500F753E2 /* Tuning Notes (Guitar Or Bass) - D.m4a in Resources */,
				D532A505127BB48500F753E2 /* Tuning Notes (Guitar Or Bass) - G.m4a in Resources */,
				D532A506127BB48500F753E2 /* Tuning Notes (Guitar Or Bass) - High E.m4a in Resources */,
				D532A507127BB48500F753E2 /* Tuning Notes (Guitar Or Bass) - Low E.m4a in Resources */,
				D532A512127BB4D500F753E2 /* carbon.png in Resources */,
				D532A513127BB4D500F753E2 /* forward.png in Resources */,
				D532A514127BB4D500F753E2 /* pause.png in Resources */,
				D532A515127BB4D500F753E2 /* play.png in Resources */,
				D532A516127BB4D500F753E2 /* rewind.png in Resources */,
				D532A517127BB4D500F753E2 /* sound_meter_background.png in Resources */,
				D532A518127BB4D500F753E2 /* sound_meter_glare.png in Resources */,
				D532A519127BB4D500F753E2 /* volume_down.png in Resources */,
				D532A51A127BB4D500F753E2 /* volume_up.png in Resources */,
				D5E47064127D2DAC00BA3DD6 /* ToneGeneratorViewController.xib in Resources */,
				D5E4707C127DA55E00BA3DD6 /* AudioControlsViewController.xib in Resources */,
				D5346529127DB8AE0063D06E /* Default-Portrait.png in Resources */,
				D531BF54127DB97F0053ABCA /* Default-Landscape.png in Resources */,
				C4F2B8F7127DCA7100B1B7C9 /* PinkNoiseViewController.xib in Resources */,
			);
			runOnlyForDeploymentPostprocessing = 0;
		};
/* End PBXResourcesBuildPhase section */

/* Begin PBXSourcesBuildPhase section */
		1D60588E0D05DD3D006BFB54 /* Sources */ = {
			isa = PBXSourcesBuildPhase;
			buildActionMask = 2147483647;
			files = (
				1D60589B0D05DD56006BFB54 /* main.m in Sources */,
				1D3623260D0F684500981E51 /* AppDelegate.m in Sources */,
				28D7ACF80DDB3853001CB0EB /* referenceaudioViewController.m in Sources */,
				C465D663127A669700639357 /* MeterTable.cpp in Sources */,
				C465D666127A66AE00639357 /* referenceaudioController.mm in Sources */,
				C465D672127A671D00639357 /* CALevelMeter.mm in Sources */,
				C465D673127A671D00639357 /* GLLevelMeter.m in Sources */,
				C465D674127A671D00639357 /* LevelMeter.m in Sources */,
				D5E47063127D2DAC00BA3DD6 /* ToneGeneratorViewController.m in Sources */,
				D5E4707B127DA55E00BA3DD6 /* AudioControlsViewController.m in Sources */,
			);
			runOnlyForDeploymentPostprocessing = 0;
		};
/* End PBXSourcesBuildPhase section */

/* Begin XCBuildConfiguration section */
		1D6058940D05DD3E006BFB54 /* Debug */ = {
			isa = XCBuildConfiguration;
			buildSettings = {
				ALWAYS_SEARCH_USER_PATHS = NO;
				COPY_PHASE_STRIP = NO;
				GCC_DYNAMIC_NO_PIC = NO;
				GCC_OPTIMIZATION_LEVEL = 0;
				GCC_PRECOMPILE_PREFIX_HEADER = YES;
				GCC_PREFIX_HEADER = referenceaudio_Prefix.pch;
				INFOPLIST_FILE = "referenceaudio-Info.plist";
				PRODUCT_NAME = referenceaudio;
			};
			name = Debug;
		};
		1D6058950D05DD3E006BFB54 /* Release */ = {
			isa = XCBuildConfiguration;
			buildSettings = {
				ALWAYS_SEARCH_USER_PATHS = NO;
				COPY_PHASE_STRIP = YES;
				GCC_PRECOMPILE_PREFIX_HEADER = YES;
				GCC_PREFIX_HEADER = referenceaudio_Prefix.pch;
				INFOPLIST_FILE = "referenceaudio-Info.plist";
				PRODUCT_NAME = referenceaudio;
				VALIDATE_PRODUCT = YES;
			};
			name = Release;
		};
		C01FCF4F08A954540054247B /* Debug */ = {
			isa = XCBuildConfiguration;
			buildSettings = {
				ARCHS = "$(ARCHS_UNIVERSAL_IPHONE_OS)";
				"CODE_SIGN_IDENTITY[sdk=iphoneos*]" = "iPhone Developer";
				GCC_C_LANGUAGE_STANDARD = c99;
				GCC_WARN_ABOUT_RETURN_TYPE = YES;
				GCC_WARN_UNUSED_VARIABLE = YES;
				PREBINDING = NO;
				SDKROOT = iphoneos;
				TARGETED_DEVICE_FAMILY = 2;
			};
			name = Debug;
		};
		C01FCF5008A954540054247B /* Release */ = {
			isa = XCBuildConfiguration;
			buildSettings = {
				ARCHS = "$(ARCHS_UNIVERSAL_IPHONE_OS)";
				"CODE_SIGN_IDENTITY[sdk=iphoneos*]" = "iPhone Developer";
				GCC_C_LANGUAGE_STANDARD = c99;
				GCC_WARN_ABOUT_RETURN_TYPE = YES;
				GCC_WARN_UNUSED_VARIABLE = YES;
				OTHER_CFLAGS = "-DNS_BLOCK_ASSERTIONS=1";
				PREBINDING = NO;
				SDKROOT = iphoneos;
				TARGETED_DEVICE_FAMILY = 2;
			};
			name = Release;
		};
/* End XCBuildConfiguration section */

/* Begin XCConfigurationList section */
		1D6058960D05DD3E006BFB54 /* Build configuration list for PBXNativeTarget "referenceaudio" */ = {
			isa = XCConfigurationList;
			buildConfigurations = (
				1D6058940D05DD3E006BFB54 /* Debug */,
				1D6058950D05DD3E006BFB54 /* Release */,
			);
			defaultConfigurationIsVisible = 0;
			defaultConfigurationName = Release;
		};
		C01FCF4E08A954540054247B /* Build configuration list for PBXProject "referenceaudio" */ = {
			isa = XCConfigurationList;
			buildConfigurations = (
				C01FCF4F08A954540054247B /* Debug */,
				C01FCF5008A954540054247B /* Release */,
			);
			defaultConfigurationIsVisible = 0;
			defaultConfigurationName = Release;
		};
/* End XCConfigurationList section */
	};
	rootObject = 29B97313FDCFA39411CA2CEA /* Project object */;
}
